
Microsoft Visual Studio Solution File, Format Version 12.00
# Visual Studio 15
VisualStudioVersion = 15.0.28010.2016
MinimumVisualStudioVersion = 10.0.40219.1
Project("{8BC9CEB8-8B4A-11D0-8D11-00A0C91BC942}") = "Algoritmy11-26", "Algoritmy11-26\Algoritmy11-26.vcxproj", "{1FB14069-9F7F-4668-92F1-444281B2BE29}"
EndProject
Global
	GlobalSection(SolutionConfigurationPlatforms) = preSolution
		Debug|x64 = Debug|x64
		Debug|x86 = Debug|x86
		Release|x64 = Release|x64
		Release|x86 = Release|x86
	EndGlobalSection
	GlobalSection(ProjectConfigurationPlatforms) = postSolution
		{1FB14069-9F7F-4668-92F1-444281B2BE29}.Debug|x64.ActiveCfg = Debug|x64
		{1FB14069-9F7F-4668-92F1-444281B2BE29}.Debug|x64.Build.0 = Debug|x64
		{1FB14069-9F7F-4668-92F1-444281B2BE29}.Debug|x86.ActiveCfg = Debug|Win32
		{1FB14069-9F7F-4668-92F1-444281B2BE29}.Debug|x86.Build.0 = Debug|Win32
		{1FB14069-9F7F-4668-92F1-444281B2BE29}.Release|x64.ActiveCfg = Release|x64
		{1FB14069-9F7F-4668-92F1-444281B2BE29}.Release|x64.Build.0 = Release|x64
		{1FB14069-9F7F-4668-92F1-444281B2BE29}.Release|x86.ActiveCfg = Release|Win32
		{1FB14069-9F7F-4668-92F1-444281B2BE29}.Release|x86.Build.0 = Release|Win32
	EndGlobalSection
	GlobalSection(SolutionProperties) = preSolution
		HideSolutionNode = FALSE
	EndGlobalSection
	GlobalSection(ExtensibilityGlobals) = postSolution
		SolutionGuid = {730AB77D-EAB0-49E3-975B-13E3A9358F74}
	EndGlobalSection
EndGlobal
